{
    "_meta": {
        "hash": {
            "sha256": "eaa0c4c11d1a598e0ff192d6d60c1eb3a9a497db63ff9db8d0ec74fc9f2cdb26"
        },
        "pipfile-spec": 6,
        "requires": {
            "python_version": "3.11"
        },
        "sources": [
            {
                "name": "pypi",
                "url": "https://pypi.org/simple",
                "verify_ssl": true
            }
        ]
    },
    "default": {
        "alabaster": {
            "hashes": [
                "sha256:c00dca57bca26fa62a6d7d0a9fcce65f3e026e9bfe33e9c538fd3fbb2144fd9e",
                "sha256:fc6786402dc3fcb2de3cabd5fe455a2db534b371124f1f21de8731783dec828b"
            ],
            "markers": "python_version >= '3.10'",
            "version": "==1.0.0"
        },
        "babel": {
            "hashes": [
                "sha256:368b5b98b37c06b7daf6696391c3240c938b37767d4584413e8438c5c435fa8b",
                "sha256:d1f3554ca26605fe173f3de0c65f750f5a42f924499bf134de6423582298e316"
            ],
            "markers": "python_version >= '3.8'",
            "version": "==2.16.0"
        },
        "beautifulsoup4": {
            "hashes": [
                "sha256:74e3d1928edc070d21748185c46e3fb33490f22f52a3addee9aee0f4f7781051",
                "sha256:b80878c9f40111313e55da8ba20bdba06d8fa3969fc68304167741bbf9e082ed"
            ],
            "markers": "python_full_version >= '3.6.0'",
            "version": "==4.12.3"
        },
        "certifi": {
            "hashes": [
                "sha256:922820b53db7a7257ffbda3f597266d435245903d80737e34f8a45ff3e3230d8",
                "sha256:bec941d2aa8195e248a60b31ff9f0558284cf01a52591ceda73ea9afffd69fd9"
            ],
            "markers": "python_version >= '3.6'",
            "version": "==2024.8.30"
        },
        "charset-normalizer": {
            "hashes": [
                "sha256:3e4d1f6587322d2788836a99c69062fbb091331ec940e02d12d179c1d53e25fc",
                "sha256:549a3a73da901d5bc3ce8d24e0600d1fa85524c10287f6004fbab87672bf3e1e",
                "sha256:802fe99cca7457642125a8a88a084cef28ff0cf9407060f7b93dca5aa25480db",
                "sha256:f30c3cb33b24454a82faecaf01b19c18562b1e89558fb6c56de4d9118a032fd5"
            ],
            "markers": "python_full_version >= '3.7.0'",
            "version": "==3.3.2"
        },
        "docutils": {
            "hashes": [
                "sha256:3a6b18732edf182daa3cd12775bbb338cf5691468f91eeeb109deff6ebfa986f",
                "sha256:dafca5b9e384f0e419294eb4d2ff9fa826435bf15f15b7bd45723e8ad76811b2"
            ],
            "markers": "python_version >= '3.9'",
            "version": "==0.21.2"
        },
        "furo": {
            "hashes": [
                "sha256:6cd97c58b47813d3619e63e9081169880fbe331f0ca883c871ff1f3f11814f5c",
                "sha256:b63e4cee8abfc3136d3bc03a3d45a76a850bada4d6374d24c1716b0e01394a01"
            ],
            "index": "pypi",
            "markers": "python_version >= '3.8'",
            "version": "==2024.8.6"
        },
        "idna": {
            "hashes": [
                "sha256:050b4e5baadcd44d760cedbd2b8e639f2ff89bbc7a5730fcc662954303377aac",
                "sha256:d838c2c0ed6fced7693d5e8ab8e734d5f8fda53a039c0164afb0b82e771e3603"
            ],
            "markers": "python_version >= '3.6'",
            "version": "==3.8"
        },
        "imagesize": {
            "hashes": [
                "sha256:0d8d18d08f840c19d0ee7ca1fd82490fdc3729b7ac93f49870406ddde8ef8d8b",
                "sha256:69150444affb9cb0d5cc5a92b3676f0b2fb7cd9ae39e947a5e11a36b4497cd4a"
            ],
            "markers": "python_version >= '2.7' and python_version not in '3.0, 3.1, 3.2, 3.3'",
            "version": "==1.4.1"
        },
        "jinja2": {
            "hashes": [
                "sha256:4a3aee7acbbe7303aede8e9648d13b8bf88a429282aa6122a993f0ac800cb369",
                "sha256:bc5dd2abb727a5319567b7a813e6a2e7318c39f4f487cfe6c89c6f9c7d25197d"
            ],
            "markers": "python_version >= '3.7'",
            "version": "==3.1.4"
        },
        "markupsafe": {
            "hashes": [
                "sha256:629ddd2ca402ae6dbedfceeba9c46d5f7b2a61d9749597d4307f943ef198fc1f",
                "sha256:d283d37a890ba4c1ae73ffadf8046435c76e7bc2247bbb63c00bd1a709c6544b"
            ],
            "markers": "python_version >= '3.7'",
            "version": "==2.1.5"
        },
        "packaging": {
            "hashes": [
                "sha256:026ed72c8ed3fcce5bf8950572258698927fd1dbda10a5e981cdf0ac37f4f002",
                "sha256:5b8f2217dbdbd2f7f384c41c628544e6d52f2d0f53c6d0c3ea61aa5d1d7ff124"
            ],
            "markers": "python_version >= '3.8'",
            "version": "==24.1"
        },
        "pygments": {
            "hashes": [
                "sha256:786ff802f32e91311bff3889f6e9a86e81505fe99f2735bb6d60ae0c5004f199",
                "sha256:b8e6aca0523f3ab76fee51799c488e38782ac06eafcf95e7ba832985c8e7b13a"
            ],
            "markers": "python_version >= '3.8'",
            "version": "==2.18.0"
        },
        "requests": {
            "hashes": [
                "sha256:55365417734eb18255590a9ff9eb97e9e1da868d4ccd6402399eaf68af20a760",
                "sha256:70761cfe03c773ceb22aa2f671b4757976145175cdfca038c02654d061d6dcc6"
            ],
            "markers": "python_version >= '3.8'",
            "version": "==2.32.3"
        },
        "snowballstemmer": {
            "hashes": [
                "sha256:09b16deb8547d3412ad7b590689584cd0fe25ec8db3be37788be3810cbf19cb1",
                "sha256:c8e1716e83cc398ae16824e5572ae04e0d9fc2c6b985fb0f900f5f0c96ecba1a"
            ],
            "version": "==2.2.0"
        },
        "soupsieve": {
            "hashes": [
                "sha256:e2e68417777af359ec65daac1057404a3c8a5455bb8abc36f1a9866ab1a51abb",
                "sha256:e72c4ff06e4fb6e4b5a9f0f55fe6e81514581fca1515028625d0f299c602ccc9"
            ],
            "markers": "python_version >= '3.8'",
            "version": "==2.6"
        },
        "sphinx": {
            "hashes": [
                "sha256:0cce1ddcc4fd3532cf1dd283bc7d886758362c5c1de6598696579ce96d8ffa5b",
                "sha256:56173572ae6c1b9a38911786e206a110c9749116745873feae4f9ce88e59391d"
            ],
            "index": "pypi",
            "markers": "python_version >= '3.10'",
            "version": "==8.0.2"
        },
        "sphinx-basic-ng": {
            "hashes": [
                "sha256:9ec55a47c90c8c002b5960c57492ec3021f5193cb26cebc2dc4ea226848651c9",
                "sha256:eb09aedbabfb650607e9b4b68c9d240b90b1e1be221d6ad71d61c52e29f7932b"
            ],
            "markers": "python_version >= '3.7'",
            "version": "==1.0.0b2"
        },
        "sphinx-copybutton": {
            "hashes": [
                "sha256:4cf17c82fb9646d1bc9ca92ac280813a3b605d8c421225fd9913154103ee1fbd",
                "sha256:fb543fd386d917746c9a2c50360c7905b605726b9355cd26e9974857afeae06e"
            ],
            "index": "pypi",
            "markers": "python_version >= '3.7'",
            "version": "==0.5.2"
        },
        "sphinx-notfound-page": {
            "hashes": [
                "sha256:2a52f49cd367b5c4e64072de1591cc367714098500abf4ecb9a3ecb4fec25aae",
                "sha256:f7c26ae0df3cf3d6f38f56b068762e6203d0ebb7e1c804de1059598d7dd8b9d8"
            ],
            "index": "pypi",
            "markers": "python_version >= '3.8'",
            "version": "==1.0.4"
        },
        "sphinx-sitemap-lextudio": {
            "hashes": [
                "sha256:686f3c542812169330ca5c336557820047cb17cc8d7ad9838d9329d73648cfad",
                "sha256:e4cc4e79efc41a0bb548442562fb419465b156b296ec99d16c48f54862b499e1"
            ],
            "index": "pypi",
            "version": "==2.5.2"
        },
        "sphinxcontrib-applehelp": {
            "hashes": [
                "sha256:2f29ef331735ce958efa4734873f084941970894c6090408b079c61b2e1c06d1",
                "sha256:4cd3f0ec4ac5dd9c17ec65e9ab272c9b867ea77425228e68ecf08d6b28ddbdb5"
            ],
            "markers": "python_version >= '3.9'",
            "version": "==2.0.0"
        },
        "sphinxcontrib-devhelp": {
            "hashes": [
                "sha256:411f5d96d445d1d73bb5d52133377b4248ec79db5c793ce7dbe59e074b4dd1ad",
                "sha256:aefb8b83854e4b0998877524d1029fd3e6879210422ee3780459e28a1f03a8a2"
            ],
            "markers": "python_version >= '3.9'",
            "version": "==2.0.0"
        },
        "sphinxcontrib-htmlhelp": {
            "hashes": [
                "sha256:166759820b47002d22914d64a075ce08f4c46818e17cfc9470a9786b759b19f8",
                "sha256:c9e2916ace8aad64cc13a0d233ee22317f2b9025b9cf3295249fa985cc7082e9"
            ],
            "markers": "python_version >= '3.9'",
            "version": "==2.1.0"
        },
        "sphinxcontrib-jsmath": {
            "hashes": [
                "sha256:2ec2eaebfb78f3f2078e73666b1415417a116cc848b72e5172e596c871103178",
                "sha256:a9925e4a4587247ed2191a22df5f6970656cb8ca2bd6284309578f2153e0c4b8"
            ],
            "markers": "python_version >= '3.5'",
            "version": "==1.0.1"
        },
        "sphinxcontrib-qthelp": {
            "hashes": [
                "sha256:4fe7d0ac8fc171045be623aba3e2a8f613f8682731f9153bb2e40ece16b9bbab",
                "sha256:b18a828cdba941ccd6ee8445dbe72ffa3ef8cbe7505d8cd1fa0d42d3f2d5f3eb"
            ],
            "markers": "python_version >= '3.9'",
            "version": "==2.0.0"
        },
        "sphinxcontrib-serializinghtml": {
            "hashes": [
                "sha256:6e2cb0eef194e10c27ec0023bfeb25badbbb5868244cf5bc5bdc04e4464bf331",
                "sha256:e9d912827f872c029017a53f0ef2180b327c3f7fd23c87229f7a8e8b70031d4d"
            ],
            "markers": "python_version >= '3.9'",
            "version": "==2.0.0"
        },
        "urllib3": {
            "hashes": [
                "sha256:a448b2f64d686155468037e1ace9f2d2199776e17f0a46610480d311f73e3472",
                "sha256:dd505485549a7a552833da5e6063639d0d177c04f23bc3864e41e5dc5f612168"
            ],
            "markers": "python_version >= '3.8'",
            "version": "==2.2.2"
        }
    },
    "develop": {}
}
